
Microsoft Visual Studio Solution File, Format Version 12.00
# Visual Studio Version 17
VisualStudioVersion = 17.13.35828.75 d17.13
MinimumVisualStudioVersion = 10.0.40219.1
Project("{FAE04EC0-301F-11D3-BF4B-00C04F79EFBC}") = "WinFormsApp4", "WinFormsApp4\WinFormsApp4.csproj", "{7DCCF320-4E43-4BA6-8971-CFDCCA5903EE}"
EndProject
Global
	GlobalSection(SolutionConfigurationPlatforms) = preSolution
		Debug|Any CPU = Debug|Any CPU
		Release|Any CPU = Release|Any CPU
	EndGlobalSection
	GlobalSection(ProjectConfigurationPlatforms) = postSolution
		{7DCCF320-4E43-4BA6-8971-CFDCCA5903EE}.Debug|Any CPU.ActiveCfg = Debug|Any CPU
		{7DCCF320-4E43-4BA6-8971-CFDCCA5903EE}.Debug|Any CPU.Build.0 = Debug|Any CPU
		{7DCCF320-4E43-4BA6-8971-CFDCCA5903EE}.Release|Any CPU.ActiveCfg = Release|Any CPU
		{7DCCF320-4E43-4BA6-8971-CFDCCA5903EE}.Release|Any CPU.Build.0 = Release|Any CPU
	EndGlobalSection
	GlobalSection(SolutionProperties) = preSolution
		HideSolutionNode = FALSE
	EndGlobalSection
	GlobalSection(ExtensibilityGlobals) = postSolution
		SolutionGuid = {F11F0A7F-487D-43E2-885D-AD6BA3197D11}
	EndGlobalSection
EndGlobal
